
Microsoft Visual Studio Solution File, Format Version 12.00
# Visual Studio Version 17
VisualStudioVersion = 17.8.34525.116
MinimumVisualStudioVersion = 10.0.40219.1
Project("{9A19103F-16F7-4668-BE54-9A1E7A4F7556}") = "API", "API\API.csproj", "{BAE42C59-5958-462E-9CD7-2F47105D9CFC}"
EndProject
Global
	GlobalSection(SolutionConfigurationPlatforms) = preSolution
		Debug|Any CPU = Debug|Any CPU
		Release|Any CPU = Release|Any CPU
	EndGlobalSection
	GlobalSection(ProjectConfigurationPlatforms) = postSolution
		{BAE42C59-5958-462E-9CD7-2F47105D9CFC}.Debug|Any CPU.ActiveCfg = Debug|Any CPU
		{BAE42C59-5958-462E-9CD7-2F47105D9CFC}.Debug|Any CPU.Build.0 = Debug|Any CPU
		{BAE42C59-5958-462E-9CD7-2F47105D9CFC}.Release|Any CPU.ActiveCfg = Release|Any CPU
		{BAE42C59-5958-462E-9CD7-2F47105D9CFC}.Release|Any CPU.Build.0 = Release|Any CPU
	EndGlobalSection
	GlobalSection(SolutionProperties) = preSolution
		HideSolutionNode = FALSE
	EndGlobalSection
	GlobalSection(ExtensibilityGlobals) = postSolution
		SolutionGuid = {DB4986F0-221B-4269-BBEA-5FCFC54E7DF4}
	EndGlobalSection
EndGlobal
